
Microsoft Visual Studio Solution File, Format Version 12.00
# Visual Studio 15
VisualStudioVersion = 15.0.26124.0
MinimumVisualStudioVersion = 15.0.26124.0
Project("{2150E333-8FDC-42A3-9474-1A3956D46DE8}") = "src", "src", "{5DC93972-6509-4BFA-9095-F5DC249737B8}"
EndProject
Project("{FAE04EC0-301F-11D3-BF4B-00C04F79EFBC}") = "GradeBook", "src\GradeBook\GradeBook.csproj", "{4F2195B5-D73F-461A-B62F-BD4A35F196CC}"
EndProject
Project("{2150E333-8FDC-42A3-9474-1A3956D46DE8}") = "test", "test", "{BD80B8FC-4807-4C96-A25F-6CBA42BF4021}"
EndProject
Project("{FAE04EC0-301F-11D3-BF4B-00C04F79EFBC}") = "GradeBook.Tests", "test\GradeBook.Tests\GradeBook.Tests.csproj", "{43D9E0DD-57EA-4A15-B316-C16AB54FFE88}"
EndProject
Global
	GlobalSection(SolutionConfigurationPlatforms) = preSolution
		Debug|Any CPU = Debug|Any CPU
		Debug|x64 = Debug|x64
		Debug|x86 = Debug|x86
		Release|Any CPU = Release|Any CPU
		Release|x64 = Release|x64
		Release|x86 = Release|x86
	EndGlobalSection
	GlobalSection(ProjectConfigurationPlatforms) = postSolution
		{4F2195B5-D73F-461A-B62F-BD4A35F196CC}.Debug|Any CPU.ActiveCfg = Debug|Any CPU
		{4F2195B5-D73F-461A-B62F-BD4A35F196CC}.Debug|Any CPU.Build.0 = Debug|Any CPU
		{4F2195B5-D73F-461A-B62F-BD4A35F196CC}.Debug|x64.ActiveCfg = Debug|Any CPU
		{4F2195B5-D73F-461A-B62F-BD4A35F196CC}.Debug|x64.Build.0 = Debug|Any CPU
		{4F2195B5-D73F-461A-B62F-BD4A35F196CC}.Debug|x86.ActiveCfg = Debug|Any CPU
		{4F2195B5-D73F-461A-B62F-BD4A35F196CC}.Debug|x86.Build.0 = Debug|Any CPU
		{4F2195B5-D73F-461A-B62F-BD4A35F196CC}.Release|Any CPU.ActiveCfg = Release|Any CPU
		{4F2195B5-D73F-461A-B62F-BD4A35F196CC}.Release|Any CPU.Build.0 = Release|Any CPU
		{4F2195B5-D73F-461A-B62F-BD4A35F196CC}.Release|x64.ActiveCfg = Release|Any CPU
		{4F2195B5-D73F-461A-B62F-BD4A35F196CC}.Release|x64.Build.0 = Release|Any CPU
		{4F2195B5-D73F-461A-B62F-BD4A35F196CC}.Release|x86.ActiveCfg = Release|Any CPU
		{4F2195B5-D73F-461A-B62F-BD4A35F196CC}.Release|x86.Build.0 = Release|Any CPU
		{43D9E0DD-57EA-4A15-B316-C16AB54FFE88}.Debug|Any CPU.ActiveCfg = Debug|Any CPU
		{43D9E0DD-57EA-4A15-B316-C16AB54FFE88}.Debug|Any CPU.Build.0 = Debug|Any CPU
		{43D9E0DD-57EA-4A15-B316-C16AB54FFE88}.Debug|x64.ActiveCfg = Debug|Any CPU
		{43D9E0DD-57EA-4A15-B316-C16AB54FFE88}.Debug|x64.Build.0 = Debug|Any CPU
		{43D9E0DD-57EA-4A15-B316-C16AB54FFE88}.Debug|x86.ActiveCfg = Debug|Any CPU
		{43D9E0DD-57EA-4A15-B316-C16AB54FFE88}.Debug|x86.Build.0 = Debug|Any CPU
		{43D9E0DD-57EA-4A15-B316-C16AB54FFE88}.Release|Any CPU.ActiveCfg = Release|Any CPU
		{43D9E0DD-57EA-4A15-B316-C16AB54FFE88}.Release|Any CPU.Build.0 = Release|Any CPU
		{43D9E0DD-57EA-4A15-B316-C16AB54FFE88}.Release|x64.ActiveCfg = Release|Any CPU
		{43D9E0DD-57EA-4A15-B316-C16AB54FFE88}.Release|x64.Build.0 = Release|Any CPU
		{43D9E0DD-57EA-4A15-B316-C16AB54FFE88}.Release|x86.ActiveCfg = Release|Any CPU
		{43D9E0DD-57EA-4A15-B316-C16AB54FFE88}.Release|x86.Build.0 = Release|Any CPU
	EndGlobalSection
	GlobalSection(SolutionProperties) = preSolution
		HideSolutionNode = FALSE
	EndGlobalSection
	GlobalSection(NestedProjects) = preSolution
		{4F2195B5-D73F-461A-B62F-BD4A35F196CC} = {5DC93972-6509-4BFA-9095-F5DC249737B8}
		{43D9E0DD-57EA-4A15-B316-C16AB54FFE88} = {BD80B8FC-4807-4C96-A25F-6CBA42BF4021}
	EndGlobalSection
	GlobalSection(ExtensibilityGlobals) = postSolution
		SolutionGuid = {EFFEA478-A6C8-49B2-87DA-5E27B7ECB984}
	EndGlobalSection
EndGlobal
